
Microsoft Visual Studio Solution File, Format Version 12.00
# Visual Studio Version 17
VisualStudioVersion = 17.11.35208.52
MinimumVisualStudioVersion = 10.0.40219.1
Project("{9A19103F-16F7-4668-BE54-9A1E7A4F7556}") = "back-end", "back-end.csproj", "{4391BDDB-D5FA-4A2B-A56F-6828AC4F50F5}"
EndProject
Project("{FAE04EC0-301F-11D3-BF4B-00C04F79EFBC}") = "Tests", "..\Tests\Tests.csproj", "{90AE2DBD-F922-49C3-801E-9E238266E673}"
EndProject
Global
	GlobalSection(SolutionConfigurationPlatforms) = preSolution
		Debug|Any CPU = Debug|Any CPU
		Release|Any CPU = Release|Any CPU
	EndGlobalSection
	GlobalSection(ProjectConfigurationPlatforms) = postSolution
		{4391BDDB-D5FA-4A2B-A56F-6828AC4F50F5}.Debug|Any CPU.ActiveCfg = Debug|Any CPU
		{4391BDDB-D5FA-4A2B-A56F-6828AC4F50F5}.Debug|Any CPU.Build.0 = Debug|Any CPU
		{4391BDDB-D5FA-4A2B-A56F-6828AC4F50F5}.Release|Any CPU.ActiveCfg = Release|Any CPU
		{4391BDDB-D5FA-4A2B-A56F-6828AC4F50F5}.Release|Any CPU.Build.0 = Release|Any CPU
		{90AE2DBD-F922-49C3-801E-9E238266E673}.Debug|Any CPU.ActiveCfg = Debug|Any CPU
		{90AE2DBD-F922-49C3-801E-9E238266E673}.Debug|Any CPU.Build.0 = Debug|Any CPU
		{90AE2DBD-F922-49C3-801E-9E238266E673}.Release|Any CPU.ActiveCfg = Release|Any CPU
		{90AE2DBD-F922-49C3-801E-9E238266E673}.Release|Any CPU.Build.0 = Release|Any CPU
	EndGlobalSection
	GlobalSection(SolutionProperties) = preSolution
		HideSolutionNode = FALSE
	EndGlobalSection
	GlobalSection(ExtensibilityGlobals) = postSolution
		SolutionGuid = {534BD152-CE53-40B9-95A7-BBE5BFC95385}
	EndGlobalSection
EndGlobal
